
Microsoft Visual Studio Solution File, Format Version 12.00
# Visual Studio Version 16
VisualStudioVersion = 16.0.31019.35
MinimumVisualStudioVersion = 10.0.40219.1
Project("{9A19103F-16F7-4668-BE54-9A1E7A4F7556}") = "GeneticAlgorithm", "GeneticAlgorithm.csproj", "{1C027A95-E198-4C9F-A5D9-DCC2BA74EE6E}"
EndProject
Global
	GlobalSection(SolutionConfigurationPlatforms) = preSolution
		Debug|Any CPU = Debug|Any CPU
		Release|Any CPU = Release|Any CPU
	EndGlobalSection
	GlobalSection(ProjectConfigurationPlatforms) = postSolution
		{1C027A95-E198-4C9F-A5D9-DCC2BA74EE6E}.Debug|Any CPU.ActiveCfg = Debug|Any CPU
		{1C027A95-E198-4C9F-A5D9-DCC2BA74EE6E}.Debug|Any CPU.Build.0 = Debug|Any CPU
		{1C027A95-E198-4C9F-A5D9-DCC2BA74EE6E}.Release|Any CPU.ActiveCfg = Release|Any CPU
		{1C027A95-E198-4C9F-A5D9-DCC2BA74EE6E}.Release|Any CPU.Build.0 = Release|Any CPU
	EndGlobalSection
	GlobalSection(SolutionProperties) = preSolution
		HideSolutionNode = FALSE
	EndGlobalSection
	GlobalSection(ExtensibilityGlobals) = postSolution
		SolutionGuid = {2C190A7A-ADB2-4E6A-8733-F3284A64AD2F}
	EndGlobalSection
EndGlobal
